
Microsoft Visual Studio Solution File, Format Version 10.00
# Visual Studio 2008
Project("{8BC9CEB8-8B4A-11D0-8D11-00A0C91BC942}") = "pong", "pong.vcproj", "{1D17D716-CED8-4AF1-B7EB-E4D6BC0FC006}"
EndProject
Global
	GlobalSection(SolutionConfigurationPlatforms) = preSolution
		Debug|Win32 = Debug|Win32
		Release|Win32 = Release|Win32
	EndGlobalSection
	GlobalSection(ProjectConfigurationPlatforms) = postSolution
		{1D17D716-CED8-4AF1-B7EB-E4D6BC0FC006}.Debug|Win32.ActiveCfg = Debug|Win32
		{1D17D716-CED8-4AF1-B7EB-E4D6BC0FC006}.Debug|Win32.Build.0 = Debug|Win32
		{1D17D716-CED8-4AF1-B7EB-E4D6BC0FC006}.Release|Win32.ActiveCfg = Release|Win32
		{1D17D716-CED8-4AF1-B7EB-E4D6BC0FC006}.Release|Win32.Build.0 = Release|Win32
	EndGlobalSection
	GlobalSection(SolutionProperties) = preSolution
		HideSolutionNode = FALSE
	EndGlobalSection
EndGlobal
